
Microsoft Visual Studio Solution File, Format Version 9.00
# Visual C++ Express 2005
Project("{8BC9CEB8-8B4A-11D0-8D11-00A0C91BC942}") = "s25client", "s25client.vcproj", "{3BE5D05B-EEDF-4B5E-BCC1-E7086D9D5A29}"
	ProjectSection(ProjectDependencies) = postProject
		{9AD068A1-1430-4CF2-A623-AB74DEE3ED28} = {9AD068A1-1430-4CF2-A623-AB74DEE3ED28}
		{AAAAAAAA-B2B4-5FA6-AD79-642B33F3D480} = {AAAAAAAA-B2B4-5FA6-AD79-642B33F3D480}
		{084B75AB-01B7-4EF3-B4EF-D021AAA2EAA3} = {084B75AB-01B7-4EF3-B4EF-D021AAA2EAA3}
		{31A751B0-EF33-448D-8613-8EE3189641FB} = {31A751B0-EF33-448D-8613-8EE3189641FB}
		{290E94F7-C0BE-4950-87AA-D269467A82BF} = {290E94F7-C0BE-4950-87AA-D269467A82BF}
	EndProjectSection
EndProject
Project("{8BC9CEB8-8B4A-11D0-8D11-00A0C91BC942}") = "version", "..\..\version\win32\vs2005\version.vcproj", "{9AD068A1-1430-4CF2-A623-AB74DEE3ED28}"
EndProject
Project("{8BC9CEB8-8B4A-11D0-8D11-00A0C91BC942}") = "video", "..\..\driver\win32\vs2005\video.vcproj", "{87C68090-17C8-40FB-A619-3376A5F67E16}"
EndProject
Project("{8BC9CEB8-8B4A-11D0-8D11-00A0C91BC942}") = "audio", "..\..\driver\win32\vs2005\audio.vcproj", "{84568090-17C8-40FB-A639-3376A5A67E16}"
	ProjectSection(ProjectDependencies) = postProject
		{1C4D182C-4502-4A05-B1F3-9DD5214C3DEE} = {1C4D182C-4502-4A05-B1F3-9DD5214C3DEE}
		{9AD068A1-1430-4CF2-A623-AB74DEE3ED28} = {9AD068A1-1430-4CF2-A623-AB74DEE3ED28}
	EndProjectSection
EndProject
Project("{8BC9CEB8-8B4A-11D0-8D11-00A0C91BC942}") = "video - WinAPI", "..\..\driver\video\WinAPI\win32\vs2005\videoWinAPI.vcproj", "{F3DD81A4-BFD2-4B23-AFD4-A95FA0A01F2E}"
	ProjectSection(ProjectDependencies) = postProject
		{87C68090-17C8-40FB-A619-3376A5F67E16} = {87C68090-17C8-40FB-A619-3376A5F67E16}
		{9AD068A1-1430-4CF2-A623-AB74DEE3ED28} = {9AD068A1-1430-4CF2-A623-AB74DEE3ED28}
	EndProjectSection
EndProject
Project("{8BC9CEB8-8B4A-11D0-8D11-00A0C91BC942}") = "video - SDL", "..\..\driver\video\SDL\win32\vs2005\videoSDL.vcproj", "{0D246BC6-B2B4-4FA2-AD79-642B23F3D480}"
	ProjectSection(ProjectDependencies) = postProject
		{87C68090-17C8-40FB-A619-3376A5F67E16} = {87C68090-17C8-40FB-A619-3376A5F67E16}
		{9AD068A1-1430-4CF2-A623-AB74DEE3ED28} = {9AD068A1-1430-4CF2-A623-AB74DEE3ED28}
	EndProjectSection
EndProject
Project("{8BC9CEB8-8B4A-11D0-8D11-00A0C91BC942}") = "libendian", "..\..\driver\audio\SDL\libendian\win32\vs2005\libendian.vcproj", "{1C4D182C-4502-4A05-B1F3-9DD5214C3DEE}"
EndProject
Project("{8BC9CEB8-8B4A-11D0-8D11-00A0C91BC942}") = "libsiedler2", "..\..\libsiedler2\win32\vs2005\libsiedler2.vcproj", "{290E94F7-C0BE-4950-87AA-D269467A82BF}"
	ProjectSection(ProjectDependencies) = postProject
		{1C4D182C-4502-4A05-B1F3-9DD5214C3DEE} = {1C4D182C-4502-4A05-B1F3-9DD5214C3DEE}
	EndProjectSection
EndProject
Project("{8BC9CEB8-8B4A-11D0-8D11-00A0C91BC942}") = "sound-convert", "..\..\s-c\win32\vs2005\sound-convert.vcproj", "{084B75AB-01B7-4EF3-B4EF-D021AAA2EAA3}"
	ProjectSection(ProjectDependencies) = postProject
		{290E94F7-C0BE-4950-87AA-D269467A82BF} = {290E94F7-C0BE-4950-87AA-D269467A82BF}
	EndProjectSection
EndProject
Project("{54435603-DBB4-11D2-8724-00A0C9A8B90C}") = "s25client-setup", "s25client-setup.vdproj", "{99D8CFF5-3D7A-48C2-82F5-85BD29427F9B}"
EndProject
Project("{8BC9CEB8-8B4A-11D0-8D11-00A0C91BC942}") = "audio - SDL", "..\..\driver\audio\SDL\win32\vs2005\audioSDL.vcproj", "{AAAAAAAA-B2B4-5FA6-AD79-642B33F3D480}"
	ProjectSection(ProjectDependencies) = postProject
		{84568090-17C8-40FB-A639-3376A5A67E16} = {84568090-17C8-40FB-A639-3376A5A67E16}
	EndProjectSection
EndProject
Project("{8BC9CEB8-8B4A-11D0-8D11-00A0C91BC942}") = "mygettext", "..\..\mygettext\win32\vs2005\mygettext.vcproj", "{31A751B0-EF33-448D-8613-8EE3189641FB}"
	ProjectSection(ProjectDependencies) = postProject
		{1C4D182C-4502-4A05-B1F3-9DD5214C3DEE} = {1C4D182C-4502-4A05-B1F3-9DD5214C3DEE}
	EndProjectSection
EndProject
Global
	GlobalSection(SolutionConfigurationPlatforms) = preSolution
		Debug|Win32 = Debug|Win32
		Release|Win32 = Release|Win32
	EndGlobalSection
	GlobalSection(ProjectConfigurationPlatforms) = postSolution
		{3BE5D05B-EEDF-4B5E-BCC1-E7086D9D5A29}.Debug|Win32.ActiveCfg = Debug|Win32
		{3BE5D05B-EEDF-4B5E-BCC1-E7086D9D5A29}.Debug|Win32.Build.0 = Debug|Win32
		{3BE5D05B-EEDF-4B5E-BCC1-E7086D9D5A29}.Release|Win32.ActiveCfg = Release|Win32
		{3BE5D05B-EEDF-4B5E-BCC1-E7086D9D5A29}.Release|Win32.Build.0 = Release|Win32
		{9AD068A1-1430-4CF2-A623-AB74DEE3ED28}.Debug|Win32.ActiveCfg = Debug|Win32
		{9AD068A1-1430-4CF2-A623-AB74DEE3ED28}.Debug|Win32.Build.0 = Debug|Win32
		{9AD068A1-1430-4CF2-A623-AB74DEE3ED28}.Release|Win32.ActiveCfg = Release|Win32
		{9AD068A1-1430-4CF2-A623-AB74DEE3ED28}.Release|Win32.Build.0 = Release|Win32
		{87C68090-17C8-40FB-A619-3376A5F67E16}.Debug|Win32.ActiveCfg = Debug|Win32
		{87C68090-17C8-40FB-A619-3376A5F67E16}.Debug|Win32.Build.0 = Debug|Win32
		{87C68090-17C8-40FB-A619-3376A5F67E16}.Release|Win32.ActiveCfg = Release|Win32
		{87C68090-17C8-40FB-A619-3376A5F67E16}.Release|Win32.Build.0 = Release|Win32
		{84568090-17C8-40FB-A639-3376A5A67E16}.Debug|Win32.ActiveCfg = Debug|Win32
		{84568090-17C8-40FB-A639-3376A5A67E16}.Debug|Win32.Build.0 = Debug|Win32
		{84568090-17C8-40FB-A639-3376A5A67E16}.Release|Win32.ActiveCfg = Release|Win32
		{84568090-17C8-40FB-A639-3376A5A67E16}.Release|Win32.Build.0 = Release|Win32
		{F3DD81A4-BFD2-4B23-AFD4-A95FA0A01F2E}.Debug|Win32.ActiveCfg = Debug|Win32
		{F3DD81A4-BFD2-4B23-AFD4-A95FA0A01F2E}.Debug|Win32.Build.0 = Debug|Win32
		{F3DD81A4-BFD2-4B23-AFD4-A95FA0A01F2E}.Release|Win32.ActiveCfg = Release|Win32
		{F3DD81A4-BFD2-4B23-AFD4-A95FA0A01F2E}.Release|Win32.Build.0 = Release|Win32
		{0D246BC6-B2B4-4FA2-AD79-642B23F3D480}.Debug|Win32.ActiveCfg = Debug|Win32
		{0D246BC6-B2B4-4FA2-AD79-642B23F3D480}.Debug|Win32.Build.0 = Debug|Win32
		{0D246BC6-B2B4-4FA2-AD79-642B23F3D480}.Release|Win32.ActiveCfg = Release|Win32
		{0D246BC6-B2B4-4FA2-AD79-642B23F3D480}.Release|Win32.Build.0 = Release|Win32
		{1C4D182C-4502-4A05-B1F3-9DD5214C3DEE}.Debug|Win32.ActiveCfg = Debug|Win32
		{1C4D182C-4502-4A05-B1F3-9DD5214C3DEE}.Debug|Win32.Build.0 = Debug|Win32
		{1C4D182C-4502-4A05-B1F3-9DD5214C3DEE}.Release|Win32.ActiveCfg = Release|Win32
		{1C4D182C-4502-4A05-B1F3-9DD5214C3DEE}.Release|Win32.Build.0 = Release|Win32
		{290E94F7-C0BE-4950-87AA-D269467A82BF}.Debug|Win32.ActiveCfg = Debug|Win32
		{290E94F7-C0BE-4950-87AA-D269467A82BF}.Debug|Win32.Build.0 = Debug|Win32
		{290E94F7-C0BE-4950-87AA-D269467A82BF}.Release|Win32.ActiveCfg = Release|Win32
		{290E94F7-C0BE-4950-87AA-D269467A82BF}.Release|Win32.Build.0 = Release|Win32
		{084B75AB-01B7-4EF3-B4EF-D021AAA2EAA3}.Debug|Win32.ActiveCfg = Debug|Win32
		{084B75AB-01B7-4EF3-B4EF-D021AAA2EAA3}.Debug|Win32.Build.0 = Debug|Win32
		{084B75AB-01B7-4EF3-B4EF-D021AAA2EAA3}.Release|Win32.ActiveCfg = Release|Win32
		{084B75AB-01B7-4EF3-B4EF-D021AAA2EAA3}.Release|Win32.Build.0 = Release|Win32
		{99D8CFF5-3D7A-48C2-82F5-85BD29427F9B}.Debug|Win32.ActiveCfg = Debug
		{99D8CFF5-3D7A-48C2-82F5-85BD29427F9B}.Debug|Win32.Build.0 = Debug
		{99D8CFF5-3D7A-48C2-82F5-85BD29427F9B}.Release|Win32.ActiveCfg = Release
		{AAAAAAAA-B2B4-5FA6-AD79-642B33F3D480}.Debug|Win32.ActiveCfg = Debug|Win32
		{AAAAAAAA-B2B4-5FA6-AD79-642B33F3D480}.Debug|Win32.Build.0 = Debug|Win32
		{AAAAAAAA-B2B4-5FA6-AD79-642B33F3D480}.Release|Win32.ActiveCfg = Release|Win32
		{AAAAAAAA-B2B4-5FA6-AD79-642B33F3D480}.Release|Win32.Build.0 = Release|Win32
		{31A751B0-EF33-448D-8613-8EE3189641FB}.Debug|Win32.ActiveCfg = Debug|Win32
		{31A751B0-EF33-448D-8613-8EE3189641FB}.Debug|Win32.Build.0 = Debug|Win32
		{31A751B0-EF33-448D-8613-8EE3189641FB}.Release|Win32.ActiveCfg = Release|Win32
		{31A751B0-EF33-448D-8613-8EE3189641FB}.Release|Win32.Build.0 = Release|Win32
	EndGlobalSection
	GlobalSection(SolutionProperties) = preSolution
		HideSolutionNode = FALSE
	EndGlobalSection
EndGlobal
